
Microsoft Visual Studio Solution File, Format Version 12.00
# Visual Studio Version 17
VisualStudioVersion = 17.0.31903.59
MinimumVisualStudioVersion = 10.0.40219.1
Project("{F2A71F9B-5D33-465A-A702-920D77279786}") = "StoogeSort", "StoogeSort\StoogeSort.fsproj", "{21F3FC29-94CC-4E1F-AA62-9FAA8DEE5632}"
EndProject
Global
	GlobalSection(SolutionConfigurationPlatforms) = preSolution
		Debug|Any CPU = Debug|Any CPU
		Release|Any CPU = Release|Any CPU
	EndGlobalSection
	GlobalSection(ProjectConfigurationPlatforms) = postSolution
		{21F3FC29-94CC-4E1F-AA62-9FAA8DEE5632}.Debug|Any CPU.ActiveCfg = Debug|Any CPU
		{21F3FC29-94CC-4E1F-AA62-9FAA8DEE5632}.Debug|Any CPU.Build.0 = Debug|Any CPU
		{21F3FC29-94CC-4E1F-AA62-9FAA8DEE5632}.Release|Any CPU.ActiveCfg = Release|Any CPU
		{21F3FC29-94CC-4E1F-AA62-9FAA8DEE5632}.Release|Any CPU.Build.0 = Release|Any CPU
	EndGlobalSection
	GlobalSection(SolutionProperties) = preSolution
		HideSolutionNode = FALSE
	EndGlobalSection
	GlobalSection(ExtensibilityGlobals) = postSolution
		SolutionGuid = {C81DE11D-24CC-4E8C-BAA7-6DA8188DE233}
	EndGlobalSection
EndGlobal
